// !$*UTF8*$!
{
	archiveVersion = 1;
	classes = {
	};
	objectVersion = 46;
	objects = {

/* Begin PBXBuildFile section */
		564F6DE31E7784F40050F71A /* main.m in Sources */ = {isa = PBXBuildFile; fileRef = 564F6DE21E7784F40050F71A /* main.m */; };
		564F6DE61E7784F40050F71A /* AppDelegate.m in Sources */ = {isa = PBXBuildFile; fileRef = 564F6DE51E7784F40050F71A /* AppDelegate.m */; };
		564F6DE91E7784F40050F71A /* ViewController.m in Sources */ = {isa = PBXBuildFile; fileRef = 564F6DE81E7784F40050F71A /* ViewController.m */; };
		564F6DEC1E7784F40050F71A /* Main.storyboard in Resources */ = {isa = PBXBuildFile; fileRef = 564F6DEA1E7784F40050F71A /* Main.storyboard */; };
		564F6DEE1E7784F40050F71A /* Assets.xcassets in Resources */ = {isa = PBXBuildFile; fileRef = 564F6DED1E7784F40050F71A /* Assets.xcassets */; };
		564F6DF11E7784F40050F71A /* LaunchScreen.storyboard in Resources */ = {isa = PBXBuildFile; fileRef = 564F6DEF1E7784F40050F71A /* LaunchScreen.storyboard */; };
		564F6DFA1E7785290050F71A /* Persion.m in Sources */ = {isa = PBXBuildFile; fileRef = 564F6DF91E7785290050F71A /* Persion.m */; };
		564F6E001E778EA20050F71A /* Listener.m in Sources */ = {isa = PBXBuildFile; fileRef = 564F6DFF1E778EA20050F71A /* Listener.m */; };
		564F6E041E7791950050F71A /* Event.m in Sources */ = {isa = PBXBuildFile; fileRef = 564F6E031E7791950050F71A /* Event.m */; };
/* End PBXBuildFile section */

/* Begin PBXFileReference section */
		564F6DDE1E7784F40050F71A /* demo.app */ = {isa = PBXFileReference; explicitFileType = wrapper.application; includeInIndex = 0; path = demo.app; sourceTree = BUILT_PRODUCTS_DIR; };
		564F6DE21E7784F40050F71A /* main.m */ = {isa = PBXFileReference; lastKnownFileType = sourcecode.c.objc; path = main.m; sourceTree = "<group>"; };
		564F6DE41E7784F40050F71A /* AppDelegate.h */ = {isa = PBXFileReference; lastKnownFileType = sourcecode.c.h; path = AppDelegate.h; sourceTree = "<group>"; };
		564F6DE51E7784F40050F71A /* AppDelegate.m */ = {isa = PBXFileReference; lastKnownFileType = sourcecode.c.objc; path = AppDelegate.m; sourceTree = "<group>"; };
		564F6DE71E7784F40050F71A /* ViewController.h */ = {isa = PBXFileReference; lastKnownFileType = sourcecode.c.h; path = ViewController.h; sourceTree = "<group>"; };
		564F6DE81E7784F40050F71A /* ViewController.m */ = {isa = PBXFileReference; lastKnownFileType = sourcecode.c.objc; path = ViewController.m; sourceTree = "<group>"; };
		564F6DEB1E7784F40050F71A /* Base */ = {isa = PBXFileReference; lastKnownFileType = file.storyboard; name = Base; path = Base.lproj/Main.storyboard; sourceTree = "<group>"; };
		564F6DED1E7784F40050F71A /* Assets.xcassets */ = {isa = PBXFileReference; lastKnownFileType = folder.assetcatalog; path = Assets.xcassets; sourceTree = "<group>"; };
		564F6DF01E7784F40050F71A /* Base */ = {isa = PBXFileReference; lastKnownFileType = file.storyboard; name = Base; path = Base.lproj/LaunchScreen.storyboard; sourceTree = "<group>"; };
		564F6DF21E7784F40050F71A /* Info.plist */ = {isa = PBXFileReference; lastKnownFileType = text.plist.xml; path = Info.plist; sourceTree = "<group>"; };
		564F6DF81E7785290050F71A /* Persion.h */ = {isa = PBXFileReference; fileEncoding = 4; lastKnownFileType = sourcecode.c.h; path = Persion.h; sourceTree = "<group>"; };
		564F6DF91E7785290050F71A /* Persion.m */ = {isa = PBXFileReference; fileEncoding = 4; lastKnownFileType = sourcecode.c.objc; path = Persion.m; sourceTree = "<group>"; };
		564F6DFE1E778EA20050F71A /* Listener.h */ = {isa = PBXFileReference; fileEncoding = 4; lastKnownFileType = sourcecode.c.h; path = Listener.h; sourceTree = "<group>"; };
		564F6DFF1E778EA20050F71A /* Listener.m */ = {isa = PBXFileReference; fileEncoding = 4; lastKnownFileType = sourcecode.c.objc; path = Listener.m; sourceTree = "<group>"; };
		564F6E011E778F630050F71A /* ListenerProtocol.h */ = {isa = PBXFileReference; fileEncoding = 4; lastKnownFileType = sourcecode.c.h; path = ListenerProtocol.h; sourceTree = "<group>"; };
		564F6E021E7791950050F71A /* Event.h */ = {isa = PBXFileReference; fileEncoding = 4; lastKnownFileType = sourcecode.c.h; path = Event.h; sourceTree = "<group>"; };
		564F6E031E7791950050F71A /* Event.m */ = {isa = PBXFileReference; fileEncoding = 4; lastKnownFileType = sourcecode.c.objc; path = Event.m; sourceTree = "<group>"; };
/* End PBXFileReference section */

/* Begin PBXFrameworksBuildPhase section */
		564F6DDB1E7784F40050F71A /* Frameworks */ = {
			isa = PBXFrameworksBuildPhase;
			buildActionMask = 2147483647;
			files = (
			);
			runOnlyForDeploymentPostprocessing = 0;
		};
/* End PBXFrameworksBuildPhase section */

/* Begin PBXGroup section */
		564F6DD51E7784F40050F71A = {
			isa = PBXGroup;
			children = (
				564F6DE01E7784F40050F71A /* demo */,
				564F6DDF1E7784F40050F71A /* Products */,
			);
			sourceTree = "<group>";
		};
		564F6DDF1E7784F40050F71A /* Products */ = {
			isa = PBXGroup;
			children = (
				564F6DDE1E7784F40050F71A /* demo.app */,
			);
			name = Products;
			sourceTree = "<group>";
		};
		564F6DE01E7784F40050F71A /* demo */ = {
			isa = PBXGroup;
			children = (
				564F6DE41E7784F40050F71A /* AppDelegate.h */,
				564F6DE51E7784F40050F71A /* AppDelegate.m */,
				564F6DE71E7784F40050F71A /* ViewController.h */,
				564F6DE81E7784F40050F71A /* ViewController.m */,
				564F6DF81E7785290050F71A /* Persion.h */,
				564F6DF91E7785290050F71A /* Persion.m */,
				564F6E021E7791950050F71A /* Event.h */,
				564F6E031E7791950050F71A /* Event.m */,
				564F6DFE1E778EA20050F71A /* Listener.h */,
				564F6DFF1E778EA20050F71A /* Listener.m */,
				564F6E011E778F630050F71A /* ListenerProtocol.h */,
				564F6DEA1E7784F40050F71A /* Main.storyboard */,
				564F6DED1E7784F40050F71A /* Assets.xcassets */,
				564F6DEF1E7784F40050F71A /* LaunchScreen.storyboard */,
				564F6DF21E7784F40050F71A /* Info.plist */,
				564F6DE11E7784F40050F71A /* Supporting Files */,
			);
			path = demo;
			sourceTree = "<group>";
		};
		564F6DE11E7784F40050F71A /* Supporting Files */ = {
			isa = PBXGroup;
			children = (
				564F6DE21E7784F40050F71A /* main.m */,
			);
			name = "Supporting Files";
			sourceTree = "<group>";
		};
/* End PBXGroup section */

/* Begin PBXNativeTarget section */
		564F6DDD1E7784F40050F71A /* demo */ = {
			isa = PBXNativeTarget;
			buildConfigurationList = 564F6DF51E7784F40050F71A /* Build configuration list for PBXNativeTarget "demo" */;
			buildPhases = (
				564F6DDA1E7784F40050F71A /* Sources */,
				564F6DDB1E7784F40050F71A /* Frameworks */,
				564F6DDC1E7784F40050F71A /* Resources */,
			);
			buildRules = (
			);
			dependencies = (
			);
			name = demo;
			productName = demo;
			productReference = 564F6DDE1E7784F40050F71A /* demo.app */;
			productType = "com.apple.product-type.application";
		};
/* End PBXNativeTarget section */

/* Begin PBXProject section */
		564F6DD61E7784F40050F71A /* Project object */ = {
			isa = PBXProject;
			attributes = {
				LastUpgradeCheck = 0730;
				ORGANIZATIONNAME = com.infomacro;
				TargetAttributes = {
					564F6DDD1E7784F40050F71A = {
						CreatedOnToolsVersion = 7.3;
					};
				};
			};
			buildConfigurationList = 564F6DD91E7784F40050F71A /* Build configuration list for PBXProject "demo" */;
			compatibilityVersion = "Xcode 3.2";
			developmentRegion = English;
			hasScannedForEncodings = 0;
			knownRegions = (
				en,
				Base,
			);
			mainGroup = 564F6DD51E7784F40050F71A;
			productRefGroup = 564F6DDF1E7784F40050F71A /* Products */;
			projectDirPath = "";
			projectRoot = "";
			targets = (
				564F6DDD1E7784F40050F71A /* demo */,
			);
		};
/* End PBXProject section */

/* Begin PBXResourcesBuildPhase section */
		564F6DDC1E7784F40050F71A /* Resources */ = {
			isa = PBXResourcesBuildPhase;
			buildActionMask = 2147483647;
			files = (
				564F6DF11E7784F40050F71A /* LaunchScreen.storyboard in Resources */,
				564F6DEE1E7784F40050F71A /* Assets.xcassets in Resources */,
				564F6DEC1E7784F40050F71A /* Main.storyboard in Resources */,
			);
			runOnlyForDeploymentPostprocessing = 0;
		};
/* End PBXResourcesBuildPhase section */

/* Begin PBXSourcesBuildPhase section */
		564F6DDA1E7784F40050F71A /* Sources */ = {
			isa = PBXSourcesBuildPhase;
			buildActionMask = 2147483647;
			files = (
				564F6E041E7791950050F71A /* Event.m in Sources */,
				564F6DFA1E7785290050F71A /* Persion.m in Sources */,
				564F6DE91E7784F40050F71A /* ViewController.m in Sources */,
				564F6DE61E7784F40050F71A /* AppDelegate.m in Sources */,
				564F6E001E778EA20050F71A /* Listener.m in Sources */,
				564F6DE31E7784F40050F71A /* main.m in Sources */,
			);
			runOnlyForDeploymentPostprocessing = 0;
		};
/* End PBXSourcesBuildPhase section */

/* Begin PBXVariantGroup section */
		564F6DEA1E7784F40050F71A /* Main.storyboard */ = {
			isa = PBXVariantGroup;
			children = (
				564F6DEB1E7784F40050F71A /* Base */,
			);
			name = Main.storyboard;
			sourceTree = "<group>";
		};
		564F6DEF1E7784F40050F71A /* LaunchScreen.storyboard */ = {
			isa = PBXVariantGroup;
			children = (
				564F6DF01E7784F40050F71A /* Base */,
			);
			name = LaunchScreen.storyboard;
			sourceTree = "<group>";
		};
/* End PBXVariantGroup section */

/* Begin XCBuildConfiguration section */
		564F6DF31E7784F40050F71A /* Debug */ = {
			isa = XCBuildConfiguration;
			buildSettings = {
				ALWAYS_SEARCH_USER_PATHS = NO;
				CLANG_ANALYZER_NONNULL = YES;
				CLANG_CXX_LANGUAGE_STANDARD = "gnu++0x";
				CLANG_CXX_LIBRARY = "libc++";
				CLANG_ENABLE_MODULES = YES;
				CLANG_ENABLE_OBJC_ARC = YES;
				CLANG_WARN_BOOL_CONVERSION = YES;
				CLANG_WARN_CONSTANT_CONVERSION = YES;
				CLANG_WARN_DIRECT_OBJC_ISA_USAGE = YES_ERROR;
				CLANG_WARN_EMPTY_BODY = YES;
				CLANG_WARN_ENUM_CONVERSION = YES;
				CLANG_WARN_INT_CONVERSION = YES;
				CLANG_WARN_OBJC_ROOT_CLASS = YES_ERROR;
				CLANG_WARN_UNREACHABLE_CODE = YES;
				CLANG_WARN__DUPLICATE_METHOD_MATCH = YES;
				"CODE_SIGN_IDENTITY[sdk=iphoneos*]" = "iPhone Developer";
				COPY_PHASE_STRIP = NO;
				DEBUG_INFORMATION_FORMAT = dwarf;
				ENABLE_STRICT_OBJC_MSGSEND = YES;
				ENABLE_TESTABILITY = YES;
				GCC_C_LANGUAGE_STANDARD = gnu99;
				GCC_DYNAMIC_NO_PIC = NO;
				GCC_NO_COMMON_BLOCKS = YES;
				GCC_OPTIMIZATION_LEVEL = 0;
				GCC_PREPROCESSOR_DEFINITIONS = (
					"DEBUG=1",
					"$(inherited)",
				);
				GCC_WARN_64_TO_32_BIT_CONVERSION = YES;
				GCC_WARN_ABOUT_RETURN_TYPE = YES_ERROR;
				GCC_WARN_UNDECLARED_SELECTOR = YES;
				GCC_WARN_UNINITIALIZED_AUTOS = YES_AGGRESSIVE;
				GCC_WARN_UNUSED_FUNCTION = YES;
				GCC_WARN_UNUSED_VARIABLE = YES;
				IPHONEOS_DEPLOYMENT_TARGET = 9.3;
				MTL_ENABLE_DEBUG_INFO = YES;
				ONLY_ACTIVE_ARCH = YES;
				SDKROOT = iphoneos;
			};
			name = Debug;
		};
		564F6DF41E7784F40050F71A /* Release */ = {
			isa = XCBuildConfiguration;
			buildSettings = {
				ALWAYS_SEARCH_USER_PATHS = NO;
				CLANG_ANALYZER_NONNULL = YES;
				CLANG_CXX_LANGUAGE_STANDARD = "gnu++0x";
				CLANG_CXX_LIBRARY = "libc++";
				CLANG_ENABLE_MODULES = YES;
				CLANG_ENABLE_OBJC_ARC = YES;
				CLANG_WARN_BOOL_CONVERSION = YES;
				CLANG_WARN_CONSTANT_CONVERSION = YES;
				CLANG_WARN_DIRECT_OBJC_ISA_USAGE = YES_ERROR;
				CLANG_WARN_EMPTY_BODY = YES;
				CLANG_WARN_ENUM_CONVERSION = YES;
				CLANG_WARN_INT_CONVERSION = YES;
				CLANG_WARN_OBJC_ROOT_CLASS = YES_ERROR;
				CLANG_WARN_UNREACHABLE_CODE = YES;
				CLANG_WARN__DUPLICATE_METHOD_MATCH = YES;
				"CODE_SIGN_IDENTITY[sdk=iphoneos*]" = "iPhone Developer";
				COPY_PHASE_STRIP = NO;
				DEBUG_INFORMATION_FORMAT = "dwarf-with-dsym";
				ENABLE_NS_ASSERTIONS = NO;
				ENABLE_STRICT_OBJC_MSGSEND = YES;
				GCC_C_LANGUAGE_STANDARD = gnu99;
				GCC_NO_COMMON_BLOCKS = YES;
				GCC_WARN_64_TO_32_BIT_CONVERSION = YES;
				GCC_WARN_ABOUT_RETURN_TYPE = YES_ERROR;
				GCC_WARN_UNDECLARED_SELECTOR = YES;
				GCC_WARN_UNINITIALIZED_AUTOS = YES_AGGRESSIVE;
				GCC_WARN_UNUSED_FUNCTION = YES;
				GCC_WARN_UNUSED_VARIABLE = YES;
				IPHONEOS_DEPLOYMENT_TARGET = 9.3;
				MTL_ENABLE_DEBUG_INFO = NO;
				SDKROOT = iphoneos;
				VALIDATE_PRODUCT = YES;
			};
			name = Release;
		};
		564F6DF61E7784F40050F71A /* Debug */ = {
			isa = XCBuildConfiguration;
			buildSettings = {
				ASSETCATALOG_COMPILER_APPICON_NAME = AppIcon;
				INFOPLIST_FILE = demo/Info.plist;
				LD_RUNPATH_SEARCH_PATHS = "$(inherited) @executable_path/Frameworks";
				PRODUCT_BUNDLE_IDENTIFIER = meidong.demo;
				PRODUCT_NAME = "$(TARGET_NAME)";
			};
			name = Debug;
		};
		564F6DF71E7784F40050F71A /* Release */ = {
			isa = XCBuildConfiguration;
			buildSettings = {
				ASSETCATALOG_COMPILER_APPICON_NAME = AppIcon;
				INFOPLIST_FILE = demo/Info.plist;
				LD_RUNPATH_SEARCH_PATHS = "$(inherited) @executable_path/Frameworks";
				PRODUCT_BUNDLE_IDENTIFIER = meidong.demo;
				PRODUCT_NAME = "$(TARGET_NAME)";
			};
			name = Release;
		};
/* End XCBuildConfiguration section */

/* Begin XCConfigurationList section */
		564F6DD91E7784F40050F71A /* Build configuration list for PBXProject "demo" */ = {
			isa = XCConfigurationList;
			buildConfigurations = (
				564F6DF31E7784F40050F71A /* Debug */,
				564F6DF41E7784F40050F71A /* Release */,
			);
			defaultConfigurationIsVisible = 0;
			defaultConfigurationName = Release;
		};
		564F6DF51E7784F40050F71A /* Build configuration list for PBXNativeTarget "demo" */ = {
			isa = XCConfigurationList;
			buildConfigurations = (
				564F6DF61E7784F40050F71A /* Debug */,
				564F6DF71E7784F40050F71A /* Release */,
			);
			defaultConfigurationIsVisible = 0;
		};
/* End XCConfigurationList section */
	};
	rootObject = 564F6DD61E7784F40050F71A /* Project object */;
}
